
Microsoft Visual Studio Solution File, Format Version 12.00
# Visual Studio Version 16
VisualStudioVersion = 16.0.30804.86
MinimumVisualStudioVersion = 10.0.40219.1
Project("{FAE04EC0-301F-11D3-BF4B-00C04F79EFBC}") = "WebApiAuthenticationDemo", "WebApiAuthenticationDemo\WebApiAuthenticationDemo.csproj", "{50F19CFD-962C-46FE-892A-8B3A88E84F7E}"
EndProject
Global
	GlobalSection(SolutionConfigurationPlatforms) = preSolution
		Debug|Any CPU = Debug|Any CPU
		Release|Any CPU = Release|Any CPU
	EndGlobalSection
	GlobalSection(ProjectConfigurationPlatforms) = postSolution
		{50F19CFD-962C-46FE-892A-8B3A88E84F7E}.Debug|Any CPU.ActiveCfg = Debug|Any CPU
		{50F19CFD-962C-46FE-892A-8B3A88E84F7E}.Debug|Any CPU.Build.0 = Debug|Any CPU
		{50F19CFD-962C-46FE-892A-8B3A88E84F7E}.Release|Any CPU.ActiveCfg = Release|Any CPU
		{50F19CFD-962C-46FE-892A-8B3A88E84F7E}.Release|Any CPU.Build.0 = Release|Any CPU
	EndGlobalSection
	GlobalSection(SolutionProperties) = preSolution
		HideSolutionNode = FALSE
	EndGlobalSection
	GlobalSection(ExtensibilityGlobals) = postSolution
		SolutionGuid = {918EF84F-9887-4417-ADFA-F8DD99E59CE3}
	EndGlobalSection
EndGlobal
